
Microsoft Visual Studio Solution File, Format Version 12.00
# Visual Studio Version 17
VisualStudioVersion = 17.4.33213.308
MinimumVisualStudioVersion = 10.0.40219.1
Project("{FAE04EC0-301F-11D3-BF4B-00C04F79EFBC}") = "WebApp1", "WebApp1\WebApp1.csproj", "{D9C2E79C-0DA0-4073-9083-3D8A26880AD5}"
EndProject
Global
	GlobalSection(SolutionConfigurationPlatforms) = preSolution
		Debug|Any CPU = Debug|Any CPU
		Release|Any CPU = Release|Any CPU
	EndGlobalSection
	GlobalSection(ProjectConfigurationPlatforms) = postSolution
		{D9C2E79C-0DA0-4073-9083-3D8A26880AD5}.Debug|Any CPU.ActiveCfg = Debug|Any CPU
		{D9C2E79C-0DA0-4073-9083-3D8A26880AD5}.Debug|Any CPU.Build.0 = Debug|Any CPU
		{D9C2E79C-0DA0-4073-9083-3D8A26880AD5}.Release|Any CPU.ActiveCfg = Release|Any CPU
		{D9C2E79C-0DA0-4073-9083-3D8A26880AD5}.Release|Any CPU.Build.0 = Release|Any CPU
	EndGlobalSection
	GlobalSection(SolutionProperties) = preSolution
		HideSolutionNode = FALSE
	EndGlobalSection
	GlobalSection(ExtensibilityGlobals) = postSolution
		SolutionGuid = {1CD5D7C2-592E-4FDE-9FD2-AC79020C5615}
	EndGlobalSection
EndGlobal
